
Microsoft Visual Studio Solution File, Format Version 12.00
# Visual Studio Version 16
VisualStudioVersion = 16.0.31410.357
MinimumVisualStudioVersion = 10.0.40219.1
Project("{8BC9CEB8-8B4A-11D0-8D11-00A0C91BC942}") = "test_task", "test_task\test_task.vcxproj", "{A3064276-5741-4695-81AA-20CCCC0BFA71}"
EndProject
Global
	GlobalSection(SolutionConfigurationPlatforms) = preSolution
		Debug|x64 = Debug|x64
		Debug|x86 = Debug|x86
		Release|x64 = Release|x64
		Release|x86 = Release|x86
	EndGlobalSection
	GlobalSection(ProjectConfigurationPlatforms) = postSolution
		{A3064276-5741-4695-81AA-20CCCC0BFA71}.Debug|x64.ActiveCfg = Debug|x64
		{A3064276-5741-4695-81AA-20CCCC0BFA71}.Debug|x64.Build.0 = Debug|x64
		{A3064276-5741-4695-81AA-20CCCC0BFA71}.Debug|x86.ActiveCfg = Debug|Win32
		{A3064276-5741-4695-81AA-20CCCC0BFA71}.Debug|x86.Build.0 = Debug|Win32
		{A3064276-5741-4695-81AA-20CCCC0BFA71}.Release|x64.ActiveCfg = Release|x64
		{A3064276-5741-4695-81AA-20CCCC0BFA71}.Release|x64.Build.0 = Release|x64
		{A3064276-5741-4695-81AA-20CCCC0BFA71}.Release|x86.ActiveCfg = Release|Win32
		{A3064276-5741-4695-81AA-20CCCC0BFA71}.Release|x86.Build.0 = Release|Win32
	EndGlobalSection
	GlobalSection(SolutionProperties) = preSolution
		HideSolutionNode = FALSE
	EndGlobalSection
	GlobalSection(ExtensibilityGlobals) = postSolution
		SolutionGuid = {F8CEB99F-B494-403E-BA83-90F2DCE003F2}
	EndGlobalSection
EndGlobal
